github.com/amzn/ion-go v1.1.3 h1:gGhjtLY0GUNQXej5N2qHhoVWQBkgtoPDt1feYYFMfOc=
github.com/amzn/ion-go v1.1.3/go.mod h1:7wQBWQ7PhPpZCr9PL+mtuIyNmyLjuV8qt2mrfxmvkA8=
github.com/amzn/ion-hash-go v1.1.2 h1:cUEolXoS7aPwYFknwae47zppF+gJgZEWqRiRbPdPIy8=
github.com/amzn/ion-hash-go v1.1.2/go.mod h1:6DKfguDnpHlHE8fHV7CxZiWnEudDxMDXUkSn2fu3j/4=
github.com/aws/aws-sdk-go-v2 v1.16.7/go.mod h1:6CpKuLXg2w7If3ABZCl/qZ6rEgwtjZTn4eAf4RcEyuw=
github.com/aws/aws-sdk-go-v2 v1.16.9 h1:Ezgkr/ByXA+5SASNJYLzA3kjbqXoho8QVDnCSHdgMBE=
github.com/aws/aws-sdk-go-v2 v1.16.9/go.mod h1:6CpKuLXg2w7If3ABZCl/qZ6rEgwtjZTn4eAf4RcEyuw=
github.com/aws/aws-sdk-go-v2/config v1.15.16 h1:tSecG2ksgzdfGrBTdcgaDHcNOWvSLF0r19kiyM2simM=
github.com/aws/aws-sdk-go-v2/config v1.15.16/go.mod h1:wX5OYan3JE7OJVHCSp0Hw7ubAf7LWrTj6Up3vLdyuQg=
github.com/aws/aws-sdk-go-v2/credentials v1.12.11 h1:AjEmpSUVcsbUlZpanmBltYQmwGAXSafK3LI2hCczpao=
github.com/aws/aws-sdk-go-v2/credentials v1.12.11/go.mod h1:1wkE8zBGlQGXug8EavEvvPanUO985uWvK7BTBwfaPi8=
github.com/aws/aws-sdk-go-v2/feature/ec2/imds v1.12.10 h1:x6v/oELu+w/USy9D6dmoPEzjyR4qj18lqKo16ACQZJI=
github.com/aws/aws-sdk-go-v2/feature/ec2/imds v1.12.10/go.mod h1:nWH+8PK9k4NLsOvOb3wtbFHiYeLXCxRokv4JnUN+wWs=
github.com/aws/aws-sdk-go-v2/internal/configsources v1.1.14/go.mod h1:kdjrMwHwrC3+FsKhNcCMJ7tUVj/8uSD5CZXeQ4wV6fM=
github.com/aws/aws-sdk-go-v2/internal/configsources v1.1.16 h1:YVn7PaQ9La7tuTvKZGlXmzXkEHdbzHlKHeBrWCTtwtA=
github.com/aws/aws-sdk-go-v2/internal/configsources v1.1.16/go.mod h1:GV1J/d4oB2fKCEoWRlYBOI6qzfpH8IXQN1d/caQGaMo=
github.com/aws/aws-sdk-go-v2/internal/endpoints/v2 v2.4.8/go.mod h1:ZIV8GYoC6WLBW5KGs+o4rsc65/ozd+eQ0L31XF5VDwk=
github.com/aws/aws-sdk-go-v2/internal/endpoints/v2 v2.4.10 h1:m7pKEgyn/TI2pn2WehrmJO4CKBaKvpkSLgnDR4nckC0=
github.com/aws/aws-sdk-go-v2/internal/endpoints/v2 v2.4.10/go.mod h1:pucnblrb8XuRc/ZEi2S+jdQa3JVAfnwhytGgawh5pR4=
github.com/aws/aws-sdk-go-v2/internal/ini v1.3.17 h1:9afA9eNkHujiJHsV6OjbBdFon6R7XSFxi1H7jU6Q6u8=
github.com/aws/aws-sdk-go-v2/internal/ini v1.3.17/go.mod h1:2C5+mYysnLDg/irvoEVXcrnco/wPF6jWb/XA7V8bOqc=
github.com/aws/aws-sdk-go-v2/service/internal/presigned-url v1.9.10 h1:tdaKsL5omHQk8u+gPJHJQzbENthfFJNthqVZa5VEdPY=
github.com/aws/aws-sdk-go-v2/service/internal/presigned-url v1.9.10/go.mod h1:Jhhvc+D5yF/+Ajr/uW0ULcVDdSsUP+q59Me2AehVuUE=
github.com/aws/aws-sdk-go-v2/service/qldb v1.14.9 h1:oUvNWFAfX2Ptz8yqH1T6HDJocn/09vZ/ayNMZwGEb7E=
github.com/aws/aws-sdk-go-v2/service/qldb v1.14.9/go.mod h1:Y6JW1GlxsjQz8uGOcFCtn3Bbva4iof79zAUYINHbnWM=
github.com/aws/aws-sdk-go-v2/service/qldbsession v1.13.8 h1:QA6SvfvPk4cFZNK/dyelb3iDREJ1jKSlYt7vN1ZefcI=
github.com/aws/aws-sdk-go-v2/service/qldbsession v1.13.8/go.mod h1:eyOGyA+M6Xd2lEOzQdjT37gilItpiDBmimwk9nHEmiQ=
github.com/aws/aws-sdk-go-v2/service/sso v1.11.14 h1:X5LVih01aTPgROWK/ia7oVCKIoqzhcLLA+mFSO9GGUM=
github.com/aws/aws-sdk-go-v2/service/sso v1.11.14/go.mod h1:4yS1oBBkGkvDWG4E+EQD+Nsy8iQNebPOz5VZy6nSYzU=
github.com/aws/aws-sdk-go-v2/service/sts v1.16.11 h1:5FrOTv3WayyUZmCu2sZ/ek8ynKNAn5rhYV32DbhNldo=
github.com/aws/aws-sdk-go-v2/service/sts v1.16.11/go.mod h1:9ADlDiYmHAsTrzCsPpGxXCcbC8mXwYKYqXPUPdriTk0=
github.com/aws/smithy-go v1.12.0 h1:gXpeZel/jPoWQ7OEmLIgCUnhkFftqNfwWUwAHSlp1v0=
github.com/aws/smithy-go v1.12.0/go.mod h1:Tg+OJXh4MB2R/uN61Ko2f6hTZwB/ZYGOtib8J3gBHzA=
github.com/creack/pty v1.1.9/go.mod h1:oKZEueFk5CKHvIhNR5MUki03XCEU+Q6VDXinZuGJ33E=
github.com/davecgh/go-spew v1.1.0/go.mod h1:J7Y8YcW2NihsgmVo/mv3lAwl/skON4iLHjSsI+c5H38=
github.com/davecgh/go-spew v1.1.1 h1:vj9j/u1bqnvCEfJOwUhtlOARqs3+rkHYY13jYWTU97c=
github.com/davecgh/go-spew v1.1.1/go.mod h1:J7Y8YcW2NihsgmVo/mv3lAwl/skON4iLHjSsI+c5H38=
github.com/google/go-cmp v0.5.0/go.mod h1:v8dTdLbMG2kIc/vJvl+f65V22dbkXbowE6jgT/gNBxE=
github.com/google/go-cmp v0.5.8 h1:e6P7q2lk1O+qJJb4BtCQXlK8vWEO8V1ZeuEdJNOqZyg=
github.com/google/go-cmp v0.5.8/go.mod h1:17dUlkBOakJ0+DkrSSNjCkIjxS6bF9zb3elmeNGIjoY=
github.com/jmespath/go-jmespath v0.4.0/go.mod h1:T8mJZnbsbmF+m6zOOFylbeCJqk5+pHWvzYPziyZiYoo=
github.com/jmespath/go-jmespath/internal/testify v1.5.1/go.mod h1:L3OGu8Wl2/fWfCI6z80xFu9LTZmf1ZRjMHUOPmWr69U=
github.com/kr/pretty v0.2.1 h1:Fmg33tUaq4/8ym9TJN1x7sLJnHVwhP33CNkpYV/7rwI=
github.com/kr/pretty v0.2.1/go.mod h1:ipq/a2n7PKx3OHsz4KJII5eveXtPO4qwEXGdVfWzfnI=
github.com/kr/pty v1.1.1/go.mod h1:pFQYn66WHrOpPYNljwOMqo10TkYh1fy3cYio2l3bCsQ=
github.com/kr/text v0.1.0/go.mod h1:4Jbv+DJW3UT/LiOwJeYQe1efqtUx/iVham/4vfdArNI=
github.com/kr/text v0.2.0 h1:5Nx0Ya0ZqY2ygV366QzturHI13Jq95ApcVaJBhpS+AY=
github.com/kr/text v0.2.0/go.mod h1:eLer722TekiGuMkidMxC/pM04lWEeraHUUmBw8l2grE=
github.com/pmezard/go-difflib v1.0.0 h1:4DBwDE0NGyQoBHbLQYPwSUPoCMWR5BEzIk/f1lZbAQM=
github.com/pmezard/go-difflib v1.0.0/go.mod h1:iKH77koFhYxTK1pcRnkKkqfTogsbg7gZNVY4sRDYZ/4=
github.com/stretchr/objx v0.1.0/go.mod h1:HFkY916IF+rwdDfMAkV7OtwuqBVzrE8GR6GFx+wExME=
github.com/stretchr/objx v0.4.0 h1:M2gUjqZET1qApGOWNSnZ49BAIMX4F/1plDv3+l31EJ4=
github.com/stretchr/objx v0.4.0/go.mod h1:YvHI0jy2hoMjB+UWwv71VJQ9isScKT/TqJzVSSt89Yw=
github.com/stretchr/testify v1.6.1/go.mod h1:6Fq8oRcR53rry900zMqJjRRixrwX3KX962/h/Wwjteg=
github.com/stretchr/testify v1.7.1/go.mod h1:6Fq8oRcR53rry900zMqJjRRixrwX3KX962/h/Wwjteg=
github.com/stretchr/testify v1.8.0 h1:pSgiaMZlXftHpm5L7V1+rVB+AZJydKsMxsQBIJw4PKk=
github.com/stretchr/testify v1.8.0/go.mod h1:yNjHg4UonilssWZ8iaSj1OCr/vHnekPRkoO+kdMU+MU=
golang.org/x/crypto v0.0.0-20190308221718-c2843e01d9a2/go.mod h1:djNgcEr1/C05ACkg1iLfiJU5Ep61QUkGW8qpdssI0+w=
golang.org/x/crypto v0.0.0-20200728195943-123391ffb6de/go.mod h1:LzIPMQfyMNhhGPhUkYOs5KpL4U8rLKemX1yGLhDgUto=
golang.org/x/crypto v0.0.0-20220525230936-793ad666bf5e h1:T8NU3HyQ8ClP4SEE+KbFlg6n0NhuTsN4MyznaarGsZM=
golang.org/x/crypto v0.0.0-20220525230936-793ad666bf5e/go.mod h1:IxCIyHEi3zRg3s0A5j5BB6A9Jmi73HwBIUl50j+osU4=
golang.org/x/net v0.0.0-20190404232315-eb5bcb51f2a3/go.mod h1:t9HGtf8HONx5eT2rtn7q6eTqICYqUVnKs3thJo3Qplg=
golang.org/x/net v0.0.0-20211112202133-69e39bad7dc2/go.mod h1:9nx3DQGgdP8bBQD5qxJ1jj9UTztislL4KSBs9R2vV5Y=
golang.org/x/sync v0.0.0-20220513210516-0976fa681c29 h1:w8s32wxx3sY+OjLlv9qltkLU5yvJzxjjgiHWLjdIcw4=
golang.org/x/sync v0.0.0-20220513210516-0976fa681c29/go.mod h1:RxMgew5VJxzue5/jJTE5uejpjVlOe/izrB70Jof72aM=
golang.org/x/sys v0.0.0-20190215142949-d0b11bdaac8a/go.mod h1:STP8DvDyc/dI5b8T5hshtkjS+E42TnysNCUPdjciGhY=
golang.org/x/sys v0.0.0-20190412213103-97732733099d/go.mod h1:h1NjWce9XRLGQEsW7wpKNCjG9DtNlClVuFLEZdDNbEs=
golang.org/x/sys v0.0.0-20200805065543-0cf7623e9dbd/go.mod h1:h1NjWce9XRLGQEsW7wpKNCjG9DtNlClVuFLEZdDNbEs=
golang.org/x/sys v0.0.0-20201119102817-f84b799fce68/go.mod h1:h1NjWce9XRLGQEsW7wpKNCjG9DtNlClVuFLEZdDNbEs=
golang.org/x/sys v0.0.0-20210423082822-04245dca01da/go.mod h1:h1NjWce9XRLGQEsW7wpKNCjG9DtNlClVuFLEZdDNbEs=
golang.org/x/sys v0.0.0-20210615035016-665e8c7367d1/go.mod h1:oPkhp1MJrh7nUepCBck5+mAzfO9JrbApNNgaTdGDITg=
golang.org/x/sys v0.0.0-20220520151302-bc2c85ada10a h1:dGzPydgVsqGcTRVwiLJ1jVbufYwmzD3LfVPLKsKg+0k=
golang.org/x/sys v0.0.0-20220520151302-bc2c85ada10a/go.mod h1:oPkhp1MJrh7nUepCBck5+mAzfO9JrbApNNgaTdGDITg=
golang.org/x/term v0.0.0-20201126162022-7de9c90e9dd1/go.mod h1:bj7SfCRtBDWHUb9snDiAeCFNEtKQo2Wmx5Cou7ajbmo=
golang.org/x/text v0.3.0/go.mod h1:NqM8EUOU14njkJ3fqMW+pc6Ldnwhi/IjpwHt7yyuwOQ=
golang.org/x/text v0.3.6/go.mod h1:5Zoc/QRtKVWzQhOtBMvqHzDpF6irO9z98xDceosuGiQ=
golang.org/x/tools v0.0.0-20180917221912-90fa682c2a6e/go.mod h1:n7NCudcB/nEzxVGmLbDWY5pfWTLqBcC2KZ6jyYvM4mQ=
golang.org/x/xerrors v0.0.0-20191204190536-9bdfabe68543/go.mod h1:I/5z698sn9Ka8TeJc9MKroUUfqBBauWjQqLJ2OPfmY0=
golang.org/x/xerrors v0.0.0-20200804184101-5ec99f83aff1/go.mod h1:I/5z698sn9Ka8TeJc9MKroUUfqBBauWjQqLJ2OPfmY0=
gopkg.in/check.v1 v0.0.0-20161208181325-20d25e280405/go.mod h1:Co6ibVJAznAaIkqp8huTwlJQCZ016jof/cbN4VW5Yz0=
gopkg.in/check.v1 v1.0.0-20201130134442-10cb98267c6c h1:Hei/4ADfdWqJk1ZMxUNpqntNwaWcugrBjAiHlqqRiVk=
gopkg.in/check.v1 v1.0.0-20201130134442-10cb98267c6c/go.mod h1:JHkPIbrfpd72SG/EVd6muEfDQjcINNoR0C8j2r3qZ4Q=
gopkg.in/yaml.v2 v2.2.8/go.mod h1:hI93XBmqTisBFMUTm0b8Fm+jr3Dg1NNxqwp+5A1VGuI=
gopkg.in/yaml.v3 v3.0.0-20200313102051-9f266ea9e77c/go.mod h1:K4uyk7z7BCEPqu6E+C64Yfv1cQ7kz7rIZviUmN+EgEM=
gopkg.in/yaml.v3 v3.0.0-20200615113413-eeeca48fe776/go.mod h1:K4uyk7z7BCEPqu6E+C64Yfv1cQ7kz7rIZviUmN+EgEM=
gopkg.in/yaml.v3 v3.0.1 h1:fxVm/GzAzEWqLHuvctI91KS9hhNmmWOoWu0XTYJS7CA=
gopkg.in/yaml.v3 v3.0.1/go.mod h1:K4uyk7z7BCEPqu6E+C64Yfv1cQ7kz7rIZviUmN+EgEM=
